
Microsoft Visual Studio Solution File, Format Version 12.00
# Visual Studio Version 17
VisualStudioVersion = 17.11.35222.181
MinimumVisualStudioVersion = 10.0.40219.1
Project("{FAE04EC0-301F-11D3-BF4B-00C04F79EFBC}") = "ChessBoard Sami Harun", "ChessBoard Sami Harun.csproj", "{30EF3F9C-75C3-4BA2-9725-6A5747498D61}"
EndProject
Global
	GlobalSection(SolutionConfigurationPlatforms) = preSolution
		Debug|Any CPU = Debug|Any CPU
		Release|Any CPU = Release|Any CPU
	EndGlobalSection
	GlobalSection(ProjectConfigurationPlatforms) = postSolution
		{30EF3F9C-75C3-4BA2-9725-6A5747498D61}.Debug|Any CPU.ActiveCfg = Debug|Any CPU
		{30EF3F9C-75C3-4BA2-9725-6A5747498D61}.Debug|Any CPU.Build.0 = Debug|Any CPU
		{30EF3F9C-75C3-4BA2-9725-6A5747498D61}.Release|Any CPU.ActiveCfg = Release|Any CPU
		{30EF3F9C-75C3-4BA2-9725-6A5747498D61}.Release|Any CPU.Build.0 = Release|Any CPU
	EndGlobalSection
	GlobalSection(SolutionProperties) = preSolution
		HideSolutionNode = FALSE
	EndGlobalSection
	GlobalSection(ExtensibilityGlobals) = postSolution
		SolutionGuid = {701B2A98-2F74-4385-96E3-704CFCBCAB3E}
	EndGlobalSection
EndGlobal
